{
  "requires": true,
  "lockfileVersion": 1,
  "dependencies": {
    "acorn": {
      "version": "6.0.2",
      "resolved": "https://registry.npmjs.org/acorn/-/acorn-6.0.2.tgz",
      "integrity": "sha512-GXmKIvbrN3TV7aVqAzVFaMW8F8wzVX7voEBRO3bDA64+EX37YSayggRJP5Xig6HYHBkWKpFg9W5gg6orklubhg==",
      "dev": true
    }
  }
}
